// !$*UTF8*$!
{
	archiveVersion = 1;
	classes = {
	};
	objectVersion = 50;
	objects = {

/* Begin PBXBuildFile section */
		A4A092B4265CA68000BC3477 /* AppDelegate.swift in Sources */ = {isa = PBXBuildFile; fileRef = A4A092B3265CA68000BC3477 /* AppDelegate.swift */; };
		A4A092B6265CA68000BC3477 /* SceneDelegate.swift in Sources */ = {isa = PBXBuildFile; fileRef = A4A092B5265CA68000BC3477 /* SceneDelegate.swift */; };
		A4A092B8265CA68000BC3477 /* ViewController.swift in Sources */ = {isa = PBXBuildFile; fileRef = A4A092B7265CA68000BC3477 /* ViewController.swift */; };
		A4A092BB265CA68000BC3477 /* Main.storyboard in Resources */ = {isa = PBXBuildFile; fileRef = A4A092B9265CA68000BC3477 /* Main.storyboard */; };
		A4A092BD265CA68200BC3477 /* Assets.xcassets in Resources */ = {isa = PBXBuildFile; fileRef = A4A092BC265CA68200BC3477 /* Assets.xcassets */; };
		A4A092C0265CA68200BC3477 /* LaunchScreen.storyboard in Resources */ = {isa = PBXBuildFile; fileRef = A4A092BE265CA68200BC3477 /* LaunchScreen.storyboard */; };
		A4A092CB265CA68200BC3477 /* PresentationTests.swift in Sources */ = {isa = PBXBuildFile; fileRef = A4A092CA265CA68200BC3477 /* PresentationTests.swift */; };
		A4A092D6265CA68200BC3477 /* PresentationUITests.swift in Sources */ = {isa = PBXBuildFile; fileRef = A4A092D5265CA68200BC3477 /* PresentationUITests.swift */; };
/* End PBXBuildFile section */

/* Begin PBXContainerItemProxy section */
		A4A092C7265CA68200BC3477 /* PBXContainerItemProxy */ = {
			isa = PBXContainerItemProxy;
			containerPortal = A4A092A8265CA68000BC3477 /* Project object */;
			proxyType = 1;
			remoteGlobalIDString = A4A092AF265CA68000BC3477;
			remoteInfo = Presentation;
		};
		A4A092D2265CA68200BC3477 /* PBXContainerItemProxy */ = {
			isa = PBXContainerItemProxy;
			containerPortal = A4A092A8265CA68000BC3477 /* Project object */;
			proxyType = 1;
			remoteGlobalIDString = A4A092AF265CA68000BC3477;
			remoteInfo = Presentation;
		};
/* End PBXContainerItemProxy section */

/* Begin PBXFileReference section */
		A4A092B0265CA68000BC3477 /* Presentation.app */ = {isa = PBXFileReference; explicitFileType = wrapper.application; includeInIndex = 0; path = Presentation.app; sourceTree = BUILT_PRODUCTS_DIR; };
		A4A092B3265CA68000BC3477 /* AppDelegate.swift */ = {isa = PBXFileReference; lastKnownFileType = sourcecode.swift; path = AppDelegate.swift; sourceTree = "<group>"; };
		A4A092B5265CA68000BC3477 /* SceneDelegate.swift */ = {isa = PBXFileReference; lastKnownFileType = sourcecode.swift; path = SceneDelegate.swift; sourceTree = "<group>"; };
		A4A092B7265CA68000BC3477 /* ViewController.swift */ = {isa = PBXFileReference; lastKnownFileType = sourcecode.swift; path = ViewController.swift; sourceTree = "<group>"; };
		A4A092BA265CA68000BC3477 /* Base */ = {isa = PBXFileReference; lastKnownFileType = file.storyboard; name = Base; path = Base.lproj/Main.storyboard; sourceTree = "<group>"; };
		A4A092BC265CA68200BC3477 /* Assets.xcassets */ = {isa = PBXFileReference; lastKnownFileType = folder.assetcatalog; path = Assets.xcassets; sourceTree = "<group>"; };
		A4A092BF265CA68200BC3477 /* Base */ = {isa = PBXFileReference; lastKnownFileType = file.storyboard; name = Base; path = Base.lproj/LaunchScreen.storyboard; sourceTree = "<group>"; };
		A4A092C1265CA68200BC3477 /* Info.plist */ = {isa = PBXFileReference; lastKnownFileType = text.plist.xml; path = Info.plist; sourceTree = "<group>"; };
		A4A092C6265CA68200BC3477 /* PresentationTests.xctest */ = {isa = PBXFileReference; explicitFileType = wrapper.cfbundle; includeInIndex = 0; path = PresentationTests.xctest; sourceTree = BUILT_PRODUCTS_DIR; };
		A4A092CA265CA68200BC3477 /* PresentationTests.swift */ = {isa = PBXFileReference; lastKnownFileType = sourcecode.swift; path = PresentationTests.swift; sourceTree = "<group>"; };
		A4A092CC265CA68200BC3477 /* Info.plist */ = {isa = PBXFileReference; lastKnownFileType = text.plist.xml; path = Info.plist; sourceTree = "<group>"; };
		A4A092D1265CA68200BC3477 /* PresentationUITests.xctest */ = {isa = PBXFileReference; explicitFileType = wrapper.cfbundle; includeInIndex = 0; path = PresentationUITests.xctest; sourceTree = BUILT_PRODUCTS_DIR; };
		A4A092D5265CA68200BC3477 /* PresentationUITests.swift */ = {isa = PBXFileReference; lastKnownFileType = sourcecode.swift; path = PresentationUITests.swift; sourceTree = "<group>"; };
		A4A092D7265CA68200BC3477 /* Info.plist */ = {isa = PBXFileReference; lastKnownFileType = text.plist.xml; path = Info.plist; sourceTree = "<group>"; };
/* End PBXFileReference section */

/* Begin PBXFrameworksBuildPhase section */
		A4A092AD265CA68000BC3477 /* Frameworks */ = {
			isa = PBXFrameworksBuildPhase;
			buildActionMask = 2147483647;
			files = (
			);
			runOnlyForDeploymentPostprocessing = 0;
		};
		A4A092C3265CA68200BC3477 /* Frameworks */ = {
			isa = PBXFrameworksBuildPhase;
			buildActionMask = 2147483647;
			files = (
			);
			runOnlyForDeploymentPostprocessing = 0;
		};
		A4A092CE265CA68200BC3477 /* Frameworks */ = {
			isa = PBXFrameworksBuildPhase;
			buildActionMask = 2147483647;
			files = (
			);
			runOnlyForDeploymentPostprocessing = 0;
		};
/* End PBXFrameworksBuildPhase section */

/* Begin PBXGroup section */
		A4A092A7265CA68000BC3477 = {
			isa = PBXGroup;
			children = (
				A4A092B2265CA68000BC3477 /* Presentation */,
				A4A092C9265CA68200BC3477 /* PresentationTests */,
				A4A092D4265CA68200BC3477 /* PresentationUITests */,
				A4A092B1265CA68000BC3477 /* Products */,
			);
			sourceTree = "<group>";
		};
		A4A092B1265CA68000BC3477 /* Products */ = {
			isa = PBXGroup;
			children = (
				A4A092B0265CA68000BC3477 /* Presentation.app */,
				A4A092C6265CA68200BC3477 /* PresentationTests.xctest */,
				A4A092D1265CA68200BC3477 /* PresentationUITests.xctest */,
			);
			name = Products;
			sourceTree = "<group>";
		};
		A4A092B2265CA68000BC3477 /* Presentation */ = {
			isa = PBXGroup;
			children = (
				A4A092B3265CA68000BC3477 /* AppDelegate.swift */,
				A4A092B5265CA68000BC3477 /* SceneDelegate.swift */,
				A4A092B7265CA68000BC3477 /* ViewController.swift */,
				A4A092B9265CA68000BC3477 /* Main.storyboard */,
				A4A092BC265CA68200BC3477 /* Assets.xcassets */,
				A4A092BE265CA68200BC3477 /* LaunchScreen.storyboard */,
				A4A092C1265CA68200BC3477 /* Info.plist */,
			);
			path = Presentation;
			sourceTree = "<group>";
		};
		A4A092C9265CA68200BC3477 /* PresentationTests */ = {
			isa = PBXGroup;
			children = (
				A4A092CA265CA68200BC3477 /* PresentationTests.swift */,
				A4A092CC265CA68200BC3477 /* Info.plist */,
			);
			path = PresentationTests;
			sourceTree = "<group>";
		};
		A4A092D4265CA68200BC3477 /* PresentationUITests */ = {
			isa = PBXGroup;
			children = (
				A4A092D5265CA68200BC3477 /* PresentationUITests.swift */,
				A4A092D7265CA68200BC3477 /* Info.plist */,
			);
			path = PresentationUITests;
			sourceTree = "<group>";
		};
/* End PBXGroup section */

/* Begin PBXNativeTarget section */
		A4A092AF265CA68000BC3477 /* Presentation */ = {
			isa = PBXNativeTarget;
			buildConfigurationList = A4A092DA265CA68200BC3477 /* Build configuration list for PBXNativeTarget "Presentation" */;
			buildPhases = (
				A4A092AC265CA68000BC3477 /* Sources */,
				A4A092AD265CA68000BC3477 /* Frameworks */,
				A4A092AE265CA68000BC3477 /* Resources */,
			);
			buildRules = (
			);
			dependencies = (
			);
			name = Presentation;
			productName = Presentation;
			productReference = A4A092B0265CA68000BC3477 /* Presentation.app */;
			productType = "com.apple.product-type.application";
		};
		A4A092C5265CA68200BC3477 /* PresentationTests */ = {
			isa = PBXNativeTarget;
			buildConfigurationList = A4A092DD265CA68200BC3477 /* Build configuration list for PBXNativeTarget "PresentationTests" */;
			buildPhases = (
				A4A092C2265CA68200BC3477 /* Sources */,
				A4A092C3265CA68200BC3477 /* Frameworks */,
				A4A092C4265CA68200BC3477 /* Resources */,
			);
			buildRules = (
			);
			dependencies = (
				A4A092C8265CA68200BC3477 /* PBXTargetDependency */,
			);
			name = PresentationTests;
			productName = PresentationTests;
			productReference = A4A092C6265CA68200BC3477 /* PresentationTests.xctest */;
			productType = "com.apple.product-type.bundle.unit-test";
		};
		A4A092D0265CA68200BC3477 /* PresentationUITests */ = {
			isa = PBXNativeTarget;
			buildConfigurationList = A4A092E0265CA68200BC3477 /* Build configuration list for PBXNativeTarget "PresentationUITests" */;
			buildPhases = (
				A4A092CD265CA68200BC3477 /* Sources */,
				A4A092CE265CA68200BC3477 /* Frameworks */,
				A4A092CF265CA68200BC3477 /* Resources */,
			);
			buildRules = (
			);
			dependencies = (
				A4A092D3265CA68200BC3477 /* PBXTargetDependency */,
			);
			name = PresentationUITests;
			productName = PresentationUITests;
			productReference = A4A092D1265CA68200BC3477 /* PresentationUITests.xctest */;
			productType = "com.apple.product-type.bundle.ui-testing";
		};
/* End PBXNativeTarget section */

/* Begin PBXProject section */
		A4A092A8265CA68000BC3477 /* Project object */ = {
			isa = PBXProject;
			attributes = {
				LastSwiftUpdateCheck = 1240;
				LastUpgradeCheck = 1240;
				TargetAttributes = {
					A4A092AF265CA68000BC3477 = {
						CreatedOnToolsVersion = 12.4;
					};
					A4A092C5265CA68200BC3477 = {
						CreatedOnToolsVersion = 12.4;
						TestTargetID = A4A092AF265CA68000BC3477;
					};
					A4A092D0265CA68200BC3477 = {
						CreatedOnToolsVersion = 12.4;
						TestTargetID = A4A092AF265CA68000BC3477;
					};
				};
			};
			buildConfigurationList = A4A092AB265CA68000BC3477 /* Build configuration list for PBXProject "Presentation" */;
			compatibilityVersion = "Xcode 9.3";
			developmentRegion = en;
			hasScannedForEncodings = 0;
			knownRegions = (
				en,
				Base,
			);
			mainGroup = A4A092A7265CA68000BC3477;
			productRefGroup = A4A092B1265CA68000BC3477 /* Products */;
			projectDirPath = "";
			projectRoot = "";
			targets = (
				A4A092AF265CA68000BC3477 /* Presentation */,
				A4A092C5265CA68200BC3477 /* PresentationTests */,
				A4A092D0265CA68200BC3477 /* PresentationUITests */,
			);
		};
/* End PBXProject section */

/* Begin PBXResourcesBuildPhase section */
		A4A092AE265CA68000BC3477 /* Resources */ = {
			isa = PBXResourcesBuildPhase;
			buildActionMask = 2147483647;
			files = (
				A4A092C0265CA68200BC3477 /* LaunchScreen.storyboard in Resources */,
				A4A092BD265CA68200BC3477 /* Assets.xcassets in Resources */,
				A4A092BB265CA68000BC3477 /* Main.storyboard in Resources */,
			);
			runOnlyForDeploymentPostprocessing = 0;
		};
		A4A092C4265CA68200BC3477 /* Resources */ = {
			isa = PBXResourcesBuildPhase;
			buildActionMask = 2147483647;
			files = (
			);
			runOnlyForDeploymentPostprocessing = 0;
		};
		A4A092CF265CA68200BC3477 /* Resources */ = {
			isa = PBXResourcesBuildPhase;
			buildActionMask = 2147483647;
			files = (
			);
			runOnlyForDeploymentPostprocessing = 0;
		};
/* End PBXResourcesBuildPhase section */

/* Begin PBXSourcesBuildPhase section */
		A4A092AC265CA68000BC3477 /* Sources */ = {
			isa = PBXSourcesBuildPhase;
			buildActionMask = 2147483647;
			files = (
				A4A092B8265CA68000BC3477 /* ViewController.swift in Sources */,
				A4A092B4265CA68000BC3477 /* AppDelegate.swift in Sources */,
				A4A092B6265CA68000BC3477 /* SceneDelegate.swift in Sources */,
			);
			runOnlyForDeploymentPostprocessing = 0;
		};
		A4A092C2265CA68200BC3477 /* Sources */ = {
			isa = PBXSourcesBuildPhase;
			buildActionMask = 2147483647;
			files = (
				A4A092CB265CA68200BC3477 /* PresentationTests.swift in Sources */,
			);
			runOnlyForDeploymentPostprocessing = 0;
		};
		A4A092CD265CA68200BC3477 /* Sources */ = {
			isa = PBXSourcesBuildPhase;
			buildActionMask = 2147483647;
			files = (
				A4A092D6265CA68200BC3477 /* PresentationUITests.swift in Sources */,
			);
			runOnlyForDeploymentPostprocessing = 0;
		};
/* End PBXSourcesBuildPhase section */

/* Begin PBXTargetDependency section */
		A4A092C8265CA68200BC3477 /* PBXTargetDependency */ = {
			isa = PBXTargetDependency;
			target = A4A092AF265CA68000BC3477 /* Presentation */;
			targetProxy = A4A092C7265CA68200BC3477 /* PBXContainerItemProxy */;
		};
		A4A092D3265CA68200BC3477 /* PBXTargetDependency */ = {
			isa = PBXTargetDependency;
			target = A4A092AF265CA68000BC3477 /* Presentation */;
			targetProxy = A4A092D2265CA68200BC3477 /* PBXContainerItemProxy */;
		};
/* End PBXTargetDependency section */

/* Begin PBXVariantGroup section */
		A4A092B9265CA68000BC3477 /* Main.storyboard */ = {
			isa = PBXVariantGroup;
			children = (
				A4A092BA265CA68000BC3477 /* Base */,
			);
			name = Main.storyboard;
			sourceTree = "<group>";
		};
		A4A092BE265CA68200BC3477 /* LaunchScreen.storyboard */ = {
			isa = PBXVariantGroup;
			children = (
				A4A092BF265CA68200BC3477 /* Base */,
			);
			name = LaunchScreen.storyboard;
			sourceTree = "<group>";
		};
/* End PBXVariantGroup section */

/* Begin XCBuildConfiguration section */
		A4A092D8265CA68200BC3477 /* Debug */ = {
			isa = XCBuildConfiguration;
			buildSettings = {
				ALWAYS_SEARCH_USER_PATHS = NO;
				CLANG_ANALYZER_NONNULL = YES;
				CLANG_ANALYZER_NUMBER_OBJECT_CONVERSION = YES_AGGRESSIVE;
				CLANG_CXX_LANGUAGE_STANDARD = "gnu++14";
				CLANG_CXX_LIBRARY = "libc++";
				CLANG_ENABLE_MODULES = YES;
				CLANG_ENABLE_OBJC_ARC = YES;
				CLANG_ENABLE_OBJC_WEAK = YES;
				CLANG_WARN_BLOCK_CAPTURE_AUTORELEASING = YES;
				CLANG_WARN_BOOL_CONVERSION = YES;
				CLANG_WARN_COMMA = YES;
				CLANG_WARN_CONSTANT_CONVERSION = YES;
				CLANG_WARN_DEPRECATED_OBJC_IMPLEMENTATIONS = YES;
				CLANG_WARN_DIRECT_OBJC_ISA_USAGE = YES_ERROR;
				CLANG_WARN_DOCUMENTATION_COMMENTS = YES;
				CLANG_WARN_EMPTY_BODY = YES;
				CLANG_WARN_ENUM_CONVERSION = YES;
				CLANG_WARN_INFINITE_RECURSION = YES;
				CLANG_WARN_INT_CONVERSION = YES;
				CLANG_WARN_NON_LITERAL_NULL_CONVERSION = YES;
				CLANG_WARN_OBJC_IMPLICIT_RETAIN_SELF = YES;
				CLANG_WARN_OBJC_LITERAL_CONVERSION = YES;
				CLANG_WARN_OBJC_ROOT_CLASS = YES_ERROR;
				CLANG_WARN_QUOTED_INCLUDE_IN_FRAMEWORK_HEADER = YES;
				CLANG_WARN_RANGE_LOOP_ANALYSIS = YES;
				CLANG_WARN_STRICT_PROTOTYPES = YES;
				CLANG_WARN_SUSPICIOUS_MOVE = YES;
				CLANG_WARN_UNGUARDED_AVAILABILITY = YES_AGGRESSIVE;
				CLANG_WARN_UNREACHABLE_CODE = YES;
				CLANG_WARN__DUPLICATE_METHOD_MATCH = YES;
				COPY_PHASE_STRIP = NO;
				DEBUG_INFORMATION_FORMAT = dwarf;
				ENABLE_STRICT_OBJC_MSGSEND = YES;
				ENABLE_TESTABILITY = YES;
				GCC_C_LANGUAGE_STANDARD = gnu11;
				GCC_DYNAMIC_NO_PIC = NO;
				GCC_NO_COMMON_BLOCKS = YES;
				GCC_OPTIMIZATION_LEVEL = 0;
				GCC_PREPROCESSOR_DEFINITIONS = (
					"DEBUG=1",
					"$(inherited)",
				);
				GCC_WARN_64_TO_32_BIT_CONVERSION = YES;
				GCC_WARN_ABOUT_RETURN_TYPE = YES_ERROR;
				GCC_WARN_UNDECLARED_SELECTOR = YES;
				GCC_WARN_UNINITIALIZED_AUTOS = YES_AGGRESSIVE;
				GCC_WARN_UNUSED_FUNCTION = YES;
				GCC_WARN_UNUSED_VARIABLE = YES;
				IPHONEOS_DEPLOYMENT_TARGET = 14.4;
				MTL_ENABLE_DEBUG_INFO = INCLUDE_SOURCE;
				MTL_FAST_MATH = YES;
				ONLY_ACTIVE_ARCH = YES;
				SDKROOT = iphoneos;
				SWIFT_ACTIVE_COMPILATION_CONDITIONS = DEBUG;
				SWIFT_OPTIMIZATION_LEVEL = "-Onone";
			};
			name = Debug;
		};
		A4A092D9265CA68200BC3477 /* Release */ = {
			isa = XCBuildConfiguration;
			buildSettings = {
				ALWAYS_SEARCH_USER_PATHS = NO;
				CLANG_ANALYZER_NONNULL = YES;
				CLANG_ANALYZER_NUMBER_OBJECT_CONVERSION = YES_AGGRESSIVE;
				CLANG_CXX_LANGUAGE_STANDARD = "gnu++14";
				CLANG_CXX_LIBRARY = "libc++";
				CLANG_ENABLE_MODULES = YES;
				CLANG_ENABLE_OBJC_ARC = YES;
				CLANG_ENABLE_OBJC_WEAK = YES;
				CLANG_WARN_BLOCK_CAPTURE_AUTORELEASING = YES;
				CLANG_WARN_BOOL_CONVERSION = YES;
				CLANG_WARN_COMMA = YES;
				CLANG_WARN_CONSTANT_CONVERSION = YES;
				CLANG_WARN_DEPRECATED_OBJC_IMPLEMENTATIONS = YES;
				CLANG_WARN_DIRECT_OBJC_ISA_USAGE = YES_ERROR;
				CLANG_WARN_DOCUMENTATION_COMMENTS = YES;
				CLANG_WARN_EMPTY_BODY = YES;
				CLANG_WARN_ENUM_CONVERSION = YES;
				CLANG_WARN_INFINITE_RECURSION = YES;
				CLANG_WARN_INT_CONVERSION = YES;
				CLANG_WARN_NON_LITERAL_NULL_CONVERSION = YES;
				CLANG_WARN_OBJC_IMPLICIT_RETAIN_SELF = YES;
				CLANG_WARN_OBJC_LITERAL_CONVERSION = YES;
				CLANG_WARN_OBJC_ROOT_CLASS = YES_ERROR;
				CLANG_WARN_QUOTED_INCLUDE_IN_FRAMEWORK_HEADER = YES;
				CLANG_WARN_RANGE_LOOP_ANALYSIS = YES;
				CLANG_WARN_STRICT_PROTOTYPES = YES;
				CLANG_WARN_SUSPICIOUS_MOVE = YES;
				CLANG_WARN_UNGUARDED_AVAILABILITY = YES_AGGRESSIVE;
				CLANG_WARN_UNREACHABLE_CODE = YES;
				CLANG_WARN__DUPLICATE_METHOD_MATCH = YES;
				COPY_PHASE_STRIP = NO;
				DEBUG_INFORMATION_FORMAT = "dwarf-with-dsym";
				ENABLE_NS_ASSERTIONS = NO;
				ENABLE_STRICT_OBJC_MSGSEND = YES;
				GCC_C_LANGUAGE_STANDARD = gnu11;
				GCC_NO_COMMON_BLOCKS = YES;
				GCC_WARN_64_TO_32_BIT_CONVERSION = YES;
				GCC_WARN_ABOUT_RETURN_TYPE = YES_ERROR;
				GCC_WARN_UNDECLARED_SELECTOR = YES;
				GCC_WARN_UNINITIALIZED_AUTOS = YES_AGGRESSIVE;
				GCC_WARN_UNUSED_FUNCTION = YES;
				GCC_WARN_UNUSED_VARIABLE = YES;
				IPHONEOS_DEPLOYMENT_TARGET = 14.4;
				MTL_ENABLE_DEBUG_INFO = NO;
				MTL_FAST_MATH = YES;
				SDKROOT = iphoneos;
				SWIFT_COMPILATION_MODE = wholemodule;
				SWIFT_OPTIMIZATION_LEVEL = "-O";
				VALIDATE_PRODUCT = YES;
			};
			name = Release;
		};
		A4A092DB265CA68200BC3477 /* Debug */ = {
			isa = XCBuildConfiguration;
			buildSettings = {
				ASSETCATALOG_COMPILER_APPICON_NAME = AppIcon;
				ASSETCATALOG_COMPILER_GLOBAL_ACCENT_COLOR_NAME = AccentColor;
				CODE_SIGN_STYLE = Automatic;
				DEVELOPMENT_TEAM = 8HSC6WJMH6;
				INFOPLIST_FILE = Presentation/Info.plist;
				LD_RUNPATH_SEARCH_PATHS = (
					"$(inherited)",
					"@executable_path/Frameworks",
				);
				PRODUCT_BUNDLE_IDENTIFIER = jp.techacademy.kazuma.miura2.Presentation;
				PRODUCT_NAME = "$(TARGET_NAME)";
				SWIFT_VERSION = 5.0;
				TARGETED_DEVICE_FAMILY = "1,2";
			};
			name = Debug;
		};
		A4A092DC265CA68200BC3477 /* Release */ = {
			isa = XCBuildConfiguration;
			buildSettings = {
				ASSETCATALOG_COMPILER_APPICON_NAME = AppIcon;
				ASSETCATALOG_COMPILER_GLOBAL_ACCENT_COLOR_NAME = AccentColor;
				CODE_SIGN_STYLE = Automatic;
				DEVELOPMENT_TEAM = 8HSC6WJMH6;
				INFOPLIST_FILE = Presentation/Info.plist;
				LD_RUNPATH_SEARCH_PATHS = (
					"$(inherited)",
					"@executable_path/Frameworks",
				);
				PRODUCT_BUNDLE_IDENTIFIER = jp.techacademy.kazuma.miura2.Presentation;
				PRODUCT_NAME = "$(TARGET_NAME)";
				SWIFT_VERSION = 5.0;
				TARGETED_DEVICE_FAMILY = "1,2";
			};
			name = Release;
		};
		A4A092DE265CA68200BC3477 /* Debug */ = {
			isa = XCBuildConfiguration;
			buildSettings = {
				ALWAYS_EMBED_SWIFT_STANDARD_LIBRARIES = YES;
				BUNDLE_LOADER = "$(TEST_HOST)";
				CODE_SIGN_STYLE = Automatic;
				DEVELOPMENT_TEAM = 8HSC6WJMH6;
				INFOPLIST_FILE = PresentationTests/Info.plist;
				IPHONEOS_DEPLOYMENT_TARGET = 14.4;
				LD_RUNPATH_SEARCH_PATHS = (
					"$(inherited)",
					"@executable_path/Frameworks",
					"@loader_path/Frameworks",
				);
				PRODUCT_BUNDLE_IDENTIFIER = jp.techacademy.kazuma.miura2.PresentationTests;
				PRODUCT_NAME = "$(TARGET_NAME)";
				SWIFT_VERSION = 5.0;
				TARGETED_DEVICE_FAMILY = "1,2";
				TEST_HOST = "$(BUILT_PRODUCTS_DIR)/Presentation.app/Presentation";
			};
			name = Debug;
		};
		A4A092DF265CA68200BC3477 /* Release */ = {
			isa = XCBuildConfiguration;
			buildSettings = {
				ALWAYS_EMBED_SWIFT_STANDARD_LIBRARIES = YES;
				BUNDLE_LOADER = "$(TEST_HOST)";
				CODE_SIGN_STYLE = Automatic;
				DEVELOPMENT_TEAM = 8HSC6WJMH6;
				INFOPLIST_FILE = PresentationTests/Info.plist;
				IPHONEOS_DEPLOYMENT_TARGET = 14.4;
				LD_RUNPATH_SEARCH_PATHS = (
					"$(inherited)",
					"@executable_path/Frameworks",
					"@loader_path/Frameworks",
				);
				PRODUCT_BUNDLE_IDENTIFIER = jp.techacademy.kazuma.miura2.PresentationTests;
				PRODUCT_NAME = "$(TARGET_NAME)";
				SWIFT_VERSION = 5.0;
				TARGETED_DEVICE_FAMILY = "1,2";
				TEST_HOST = "$(BUILT_PRODUCTS_DIR)/Presentation.app/Presentation";
			};
			name = Release;
		};
		A4A092E1265CA68200BC3477 /* Debug */ = {
			isa = XCBuildConfiguration;
			buildSettings = {
				ALWAYS_EMBED_SWIFT_STANDARD_LIBRARIES = YES;
				CODE_SIGN_STYLE = Automatic;
				DEVELOPMENT_TEAM = 8HSC6WJMH6;
				INFOPLIST_FILE = PresentationUITests/Info.plist;
				LD_RUNPATH_SEARCH_PATHS = (
					"$(inherited)",
					"@executable_path/Frameworks",
					"@loader_path/Frameworks",
				);
				PRODUCT_BUNDLE_IDENTIFIER = jp.techacademy.kazuma.miura2.PresentationUITests;
				PRODUCT_NAME = "$(TARGET_NAME)";
				SWIFT_VERSION = 5.0;
				TARGETED_DEVICE_FAMILY = "1,2";
				TEST_TARGET_NAME = Presentation;
			};
			name = Debug;
		};
		A4A092E2265CA68200BC3477 /* Release */ = {
			isa = XCBuildConfiguration;
			buildSettings = {
				ALWAYS_EMBED_SWIFT_STANDARD_LIBRARIES = YES;
				CODE_SIGN_STYLE = Automatic;
				DEVELOPMENT_TEAM = 8HSC6WJMH6;
				INFOPLIST_FILE = PresentationUITests/Info.plist;
				LD_RUNPATH_SEARCH_PATHS = (
					"$(inherited)",
					"@executable_path/Frameworks",
					"@loader_path/Frameworks",
				);
				PRODUCT_BUNDLE_IDENTIFIER = jp.techacademy.kazuma.miura2.PresentationUITests;
				PRODUCT_NAME = "$(TARGET_NAME)";
				SWIFT_VERSION = 5.0;
				TARGETED_DEVICE_FAMILY = "1,2";
				TEST_TARGET_NAME = Presentation;
			};
			name = Release;
		};
/* End XCBuildConfiguration section */

/* Begin XCConfigurationList section */
		A4A092AB265CA68000BC3477 /* Build configuration list for PBXProject "Presentation" */ = {
			isa = XCConfigurationList;
			buildConfigurations = (
				A4A092D8265CA68200BC3477 /* Debug */,
				A4A092D9265CA68200BC3477 /* Release */,
			);
			defaultConfigurationIsVisible = 0;
			defaultConfigurationName = Release;
		};
		A4A092DA265CA68200BC3477 /* Build configuration list for PBXNativeTarget "Presentation" */ = {
			isa = XCConfigurationList;
			buildConfigurations = (
				A4A092DB265CA68200BC3477 /* Debug */,
				A4A092DC265CA68200BC3477 /* Release */,
			);
			defaultConfigurationIsVisible = 0;
			defaultConfigurationName = Release;
		};
		A4A092DD265CA68200BC3477 /* Build configuration list for PBXNativeTarget "PresentationTests" */ = {
			isa = XCConfigurationList;
			buildConfigurations = (
				A4A092DE265CA68200BC3477 /* Debug */,
				A4A092DF265CA68200BC3477 /* Release */,
			);
			defaultConfigurationIsVisible = 0;
			defaultConfigurationName = Release;
		};
		A4A092E0265CA68200BC3477 /* Build configuration list for PBXNativeTarget "PresentationUITests" */ = {
			isa = XCConfigurationList;
			buildConfigurations = (
				A4A092E1265CA68200BC3477 /* Debug */,
				A4A092E2265CA68200BC3477 /* Release */,
			);
			defaultConfigurationIsVisible = 0;
			defaultConfigurationName = Release;
		};
/* End XCConfigurationList section */
	};
	rootObject = A4A092A8265CA68000BC3477 /* Project object */;
}
